PODS:
  - FlutterMacOS (1.0.0)
  - macos_filepicker (0.0.1):
    - FlutterMacOS

DEPENDENCIES:
  - FlutterMacOS (from `Flutter/ephemeral`)
  - macos_filepicker (from `Flutter/ephemeral/.symlinks/plugins/macos_filepicker/macos`)

EXTERNAL SOURCES:
  FlutterMacOS:
    :path: Flutter/ephemeral
  macos_filepicker:
    :path: Flutter/ephemeral/.symlinks/plugins/macos_filepicker/macos

SPEC CHECKSUMS:
  FlutterMacOS: 57701585bf7de1b3fc2bb61f6378d73bbdea8424
  macos_filepicker: 4653ecd249f2d10ef86a4db6db83f5b57932819f

PODFILE CHECKSUM: 6eac6b3292e5142cfc23bdeb71848a40ec51c14c

COCOAPODS: 1.10.1
